
Microsoft Visual Studio Solution File, Format Version 12.00
Project("{2150E333-8FDC-42A3-9474-1A3956D46DE8}") = "Solution Items", "Solution Items", "{BCB2EC04-D3BD-4540-8E93-E82FD51E4F86}"
	ProjectSection(SolutionItems) = preProject
		compose.yaml = compose.yaml
	EndProjectSection
EndProject
Project("{FAE04EC0-301F-11D3-BF4B-00C04F79EFBC}") = "GreenerBlazor", "GreenerBlazor\GreenerBlazor.csproj", "{7E5C184A-53CC-4835-BC0E-F10311BE21EB}"
EndProject
Global
	GlobalSection(SolutionConfigurationPlatforms) = preSolution
		Debug|Any CPU = Debug|Any CPU
		Release|Any CPU = Release|Any CPU
	EndGlobalSection
	GlobalSection(ProjectConfigurationPlatforms) = postSolution
		{7E5C184A-53CC-4835-BC0E-F10311BE21EB}.Debug|Any CPU.ActiveCfg = Debug|Any CPU
		{7E5C184A-53CC-4835-BC0E-F10311BE21EB}.Debug|Any CPU.Build.0 = Debug|Any CPU
		{7E5C184A-53CC-4835-BC0E-F10311BE21EB}.Release|Any CPU.ActiveCfg = Release|Any CPU
		{7E5C184A-53CC-4835-BC0E-F10311BE21EB}.Release|Any CPU.Build.0 = Release|Any CPU
	EndGlobalSection
EndGlobal
